
Microsoft Visual Studio Solution File, Format Version 12.00
# Visual Studio 2013
VisualStudioVersion = 12.0.31101.0
MinimumVisualStudioVersion = 10.0.40219.1
Project("{FAE04EC0-301F-11D3-BF4B-00C04F79EFBC}") = "SharpEXR", "SharpEXR\SharpEXR.csproj", "{EFFACB6C-98D5-4B92-839B-30E9EB51531D}"
EndProject
Project("{FAE04EC0-301F-11D3-BF4B-00C04F79EFBC}") = "EXRViewer", "EXRViewer\EXRViewer.csproj", "{26AB652C-EE76-4248-98BD-D125E258A544}"
EndProject
Global
	GlobalSection(SolutionConfigurationPlatforms) = preSolution
		Debug|Any CPU = Debug|Any CPU
		Release|Any CPU = Release|Any CPU
	EndGlobalSection
	GlobalSection(ProjectConfigurationPlatforms) = postSolution
		{EFFACB6C-98D5-4B92-839B-30E9EB51531D}.Debug|Any CPU.ActiveCfg = Debug|Any CPU
		{EFFACB6C-98D5-4B92-839B-30E9EB51531D}.Debug|Any CPU.Build.0 = Debug|Any CPU
		{EFFACB6C-98D5-4B92-839B-30E9EB51531D}.Release|Any CPU.ActiveCfg = Release|Any CPU
		{EFFACB6C-98D5-4B92-839B-30E9EB51531D}.Release|Any CPU.Build.0 = Release|Any CPU
		{26AB652C-EE76-4248-98BD-D125E258A544}.Debug|Any CPU.ActiveCfg = Debug|Any CPU
		{26AB652C-EE76-4248-98BD-D125E258A544}.Debug|Any CPU.Build.0 = Debug|Any CPU
		{26AB652C-EE76-4248-98BD-D125E258A544}.Release|Any CPU.ActiveCfg = Release|Any CPU
		{26AB652C-EE76-4248-98BD-D125E258A544}.Release|Any CPU.Build.0 = Release|Any CPU
	EndGlobalSection
	GlobalSection(SolutionProperties) = preSolution
		HideSolutionNode = FALSE
	EndGlobalSection
EndGlobal
